
Microsoft Visual Studio Solution File, Format Version 12.00
# Visual Studio Version 16
VisualStudioVersion = 16.0.29020.237
MinimumVisualStudioVersion = 10.0.40219.1
Project("{2150E333-8FDC-42A3-9474-1A3956D46DE8}") = "src", "src", "{22A29252-9F9E-4EEA-8718-3BDED9A44044}"
EndProject
Project("{2150E333-8FDC-42A3-9474-1A3956D46DE8}") = "test", "test", "{AFB8254A-4146-4393-AC89-756C1B21E71A}"
EndProject
Project("{2150E333-8FDC-42A3-9474-1A3956D46DE8}") = "misc", "misc", "{6B9F6990-3C9F-4992-9366-E4BB02259FC5}"
	ProjectSection(SolutionItems) = preProject
		misc\changelog.txt = misc\changelog.txt
		misc\todo.txt = misc\todo.txt
	EndProjectSection
EndProject
Project("{2150E333-8FDC-42A3-9474-1A3956D46DE8}") = "nuget", "nuget", "{A9F170F8-DB43-4A11-86C2-4628048614B8}"
	ProjectSection(SolutionItems) = preProject
		nuget\TauCode.WebApi.Testing.nuspec = nuget\TauCode.WebApi.Testing.nuspec
	EndProjectSection
EndProject
Project("{9A19103F-16F7-4668-BE54-9A1E7A4F7556}") = "TauCode.WebApi.Testing", "src\TauCode.WebApi.Testing\TauCode.WebApi.Testing.csproj", "{0E3F5845-7168-4DE2-B897-59C9AD257F07}"
EndProject
Project("{2150E333-8FDC-42A3-9474-1A3956D46DE8}") = "build", "build", "{0572B25E-7E90-4671-BCE7-A5ED587EDE78}"
	ProjectSection(SolutionItems) = preProject
		build\azure-pipelines-dev.yml = build\azure-pipelines-dev.yml
		build\azure-pipelines.yml = build\azure-pipelines.yml
	EndProjectSection
EndProject
Project("{9A19103F-16F7-4668-BE54-9A1E7A4F7556}") = "TauCode.WebApi.Testing.Tests", "test\TauCode.WebApi.Testing.Tests\TauCode.WebApi.Testing.Tests.csproj", "{4AE977C8-A0AA-4EE5-94D6-B02298211E3F}"
EndProject
Project("{9A19103F-16F7-4668-BE54-9A1E7A4F7556}") = "TauCode.WebApi.Testing.Tests.AppHost", "test\TauCode.WebApi.Testing.Tests.AppHost\TauCode.WebApi.Testing.Tests.AppHost.csproj", "{412D5388-E17C-4A33-98A4-889BE587294D}"
EndProject
Project("{9A19103F-16F7-4668-BE54-9A1E7A4F7556}") = "TauCode.WebApi.Testing.Tests.Client", "test\TauCode.WebApi.Testing.Tests.Client\TauCode.WebApi.Testing.Tests.Client.csproj", "{E8876659-B4A1-4D4C-B692-59D43C16EACF}"
EndProject
Project("{9A19103F-16F7-4668-BE54-9A1E7A4F7556}") = "TauCode.WebApi.Testing.Tests.UserHost", "test\TauCode.WebApi.Testing.Tests.UserHost\TauCode.WebApi.Testing.Tests.UserHost.csproj", "{51A22AB5-0A7D-41E1-99BD-04522178115B}"
EndProject
Global
	GlobalSection(SolutionConfigurationPlatforms) = preSolution
		Debug|Any CPU = Debug|Any CPU
		Release|Any CPU = Release|Any CPU
	EndGlobalSection
	GlobalSection(ProjectConfigurationPlatforms) = postSolution
		{0E3F5845-7168-4DE2-B897-59C9AD257F07}.Debug|Any CPU.ActiveCfg = Debug|Any CPU
		{0E3F5845-7168-4DE2-B897-59C9AD257F07}.Debug|Any CPU.Build.0 = Debug|Any CPU
		{0E3F5845-7168-4DE2-B897-59C9AD257F07}.Release|Any CPU.ActiveCfg = Release|Any CPU
		{0E3F5845-7168-4DE2-B897-59C9AD257F07}.Release|Any CPU.Build.0 = Release|Any CPU
		{4AE977C8-A0AA-4EE5-94D6-B02298211E3F}.Debug|Any CPU.ActiveCfg = Debug|Any CPU
		{4AE977C8-A0AA-4EE5-94D6-B02298211E3F}.Debug|Any CPU.Build.0 = Debug|Any CPU
		{4AE977C8-A0AA-4EE5-94D6-B02298211E3F}.Release|Any CPU.ActiveCfg = Release|Any CPU
		{4AE977C8-A0AA-4EE5-94D6-B02298211E3F}.Release|Any CPU.Build.0 = Release|Any CPU
		{412D5388-E17C-4A33-98A4-889BE587294D}.Debug|Any CPU.ActiveCfg = Debug|Any CPU
		{412D5388-E17C-4A33-98A4-889BE587294D}.Debug|Any CPU.Build.0 = Debug|Any CPU
		{412D5388-E17C-4A33-98A4-889BE587294D}.Release|Any CPU.ActiveCfg = Release|Any CPU
		{412D5388-E17C-4A33-98A4-889BE587294D}.Release|Any CPU.Build.0 = Release|Any CPU
		{E8876659-B4A1-4D4C-B692-59D43C16EACF}.Debug|Any CPU.ActiveCfg = Debug|Any CPU
		{E8876659-B4A1-4D4C-B692-59D43C16EACF}.Debug|Any CPU.Build.0 = Debug|Any CPU
		{E8876659-B4A1-4D4C-B692-59D43C16EACF}.Release|Any CPU.ActiveCfg = Release|Any CPU
		{E8876659-B4A1-4D4C-B692-59D43C16EACF}.Release|Any CPU.Build.0 = Release|Any CPU
		{51A22AB5-0A7D-41E1-99BD-04522178115B}.Debug|Any CPU.ActiveCfg = Debug|Any CPU
		{51A22AB5-0A7D-41E1-99BD-04522178115B}.Debug|Any CPU.Build.0 = Debug|Any CPU
		{51A22AB5-0A7D-41E1-99BD-04522178115B}.Release|Any CPU.ActiveCfg = Release|Any CPU
		{51A22AB5-0A7D-41E1-99BD-04522178115B}.Release|Any CPU.Build.0 = Release|Any CPU
	EndGlobalSection
	GlobalSection(SolutionProperties) = preSolution
		HideSolutionNode = FALSE
	EndGlobalSection
	GlobalSection(NestedProjects) = preSolution
		{0E3F5845-7168-4DE2-B897-59C9AD257F07} = {22A29252-9F9E-4EEA-8718-3BDED9A44044}
		{4AE977C8-A0AA-4EE5-94D6-B02298211E3F} = {AFB8254A-4146-4393-AC89-756C1B21E71A}
		{412D5388-E17C-4A33-98A4-889BE587294D} = {AFB8254A-4146-4393-AC89-756C1B21E71A}
		{E8876659-B4A1-4D4C-B692-59D43C16EACF} = {AFB8254A-4146-4393-AC89-756C1B21E71A}
		{51A22AB5-0A7D-41E1-99BD-04522178115B} = {AFB8254A-4146-4393-AC89-756C1B21E71A}
	EndGlobalSection
	GlobalSection(ExtensibilityGlobals) = postSolution
		SolutionGuid = {E6354910-DEC2-433F-8D76-E81510FDFC17}
	EndGlobalSection
EndGlobal
